
Microsoft Visual Studio Solution File, Format Version 12.00
# Visual Studio Version 17
VisualStudioVersion = 17.6.33815.320
MinimumVisualStudioVersion = 10.0.40219.1
Project("{FAE04EC0-301F-11D3-BF4B-00C04F79EFBC}") = "ConAppAssignment8", "ConAppAssignment8\ConAppAssignment8.csproj", "{6AF17D88-6035-480E-A1B7-E1A456950CB2}"
EndProject
Global
	GlobalSection(SolutionConfigurationPlatforms) = preSolution
		Debug|Any CPU = Debug|Any CPU
		Release|Any CPU = Release|Any CPU
	EndGlobalSection
	GlobalSection(ProjectConfigurationPlatforms) = postSolution
		{6AF17D88-6035-480E-A1B7-E1A456950CB2}.Debug|Any CPU.ActiveCfg = Debug|Any CPU
		{6AF17D88-6035-480E-A1B7-E1A456950CB2}.Debug|Any CPU.Build.0 = Debug|Any CPU
		{6AF17D88-6035-480E-A1B7-E1A456950CB2}.Release|Any CPU.ActiveCfg = Release|Any CPU
		{6AF17D88-6035-480E-A1B7-E1A456950CB2}.Release|Any CPU.Build.0 = Release|Any CPU
	EndGlobalSection
	GlobalSection(SolutionProperties) = preSolution
		HideSolutionNode = FALSE
	EndGlobalSection
	GlobalSection(ExtensibilityGlobals) = postSolution
		SolutionGuid = {F961220D-BC2A-4843-8CD6-9BC391731819}
	EndGlobalSection
EndGlobal
